
Microsoft Visual Studio Solution File, Format Version 12.00
# Visual Studio Version 17
VisualStudioVersion = 17.9.34728.123
MinimumVisualStudioVersion = 10.0.40219.1
Project("{FAE04EC0-301F-11D3-BF4B-00C04F79EFBC}") = "Btchuong3", "Btchuong3\Btchuong3.csproj", "{CDA9A731-14BB-4A3A-B64F-803F1C2ED496}"
EndProject
Global
	GlobalSection(SolutionConfigurationPlatforms) = preSolution
		Debug|Any CPU = Debug|Any CPU
		Release|Any CPU = Release|Any CPU
	EndGlobalSection
	GlobalSection(ProjectConfigurationPlatforms) = postSolution
		{CDA9A731-14BB-4A3A-B64F-803F1C2ED496}.Debug|Any CPU.ActiveCfg = Debug|Any CPU
		{CDA9A731-14BB-4A3A-B64F-803F1C2ED496}.Debug|Any CPU.Build.0 = Debug|Any CPU
		{CDA9A731-14BB-4A3A-B64F-803F1C2ED496}.Release|Any CPU.ActiveCfg = Release|Any CPU
		{CDA9A731-14BB-4A3A-B64F-803F1C2ED496}.Release|Any CPU.Build.0 = Release|Any CPU
	EndGlobalSection
	GlobalSection(SolutionProperties) = preSolution
		HideSolutionNode = FALSE
	EndGlobalSection
	GlobalSection(ExtensibilityGlobals) = postSolution
		SolutionGuid = {73296CEB-4AB3-4725-B0B5-3E2382E09AFB}
	EndGlobalSection
EndGlobal
